
Microsoft Visual Studio Solution File, Format Version 12.00
# Visual Studio Version 16
VisualStudioVersion = 16.0.29411.108
MinimumVisualStudioVersion = 10.0.40219.1
Project("{8BC9CEB8-8B4A-11D0-8D11-00A0C91BC942}") = "5_2_16", "5_2_16\5_2_16.vcxproj", "{3C055B30-3AD9-4DA4-8B40-A07B29446268}"
EndProject
Global
	GlobalSection(SolutionConfigurationPlatforms) = preSolution
		Debug|x64 = Debug|x64
		Debug|x86 = Debug|x86
		Release|x64 = Release|x64
		Release|x86 = Release|x86
	EndGlobalSection
	GlobalSection(ProjectConfigurationPlatforms) = postSolution
		{3C055B30-3AD9-4DA4-8B40-A07B29446268}.Debug|x64.ActiveCfg = Debug|x64
		{3C055B30-3AD9-4DA4-8B40-A07B29446268}.Debug|x64.Build.0 = Debug|x64
		{3C055B30-3AD9-4DA4-8B40-A07B29446268}.Debug|x86.ActiveCfg = Debug|Win32
		{3C055B30-3AD9-4DA4-8B40-A07B29446268}.Debug|x86.Build.0 = Debug|Win32
		{3C055B30-3AD9-4DA4-8B40-A07B29446268}.Release|x64.ActiveCfg = Release|x64
		{3C055B30-3AD9-4DA4-8B40-A07B29446268}.Release|x64.Build.0 = Release|x64
		{3C055B30-3AD9-4DA4-8B40-A07B29446268}.Release|x86.ActiveCfg = Release|Win32
		{3C055B30-3AD9-4DA4-8B40-A07B29446268}.Release|x86.Build.0 = Release|Win32
	EndGlobalSection
	GlobalSection(SolutionProperties) = preSolution
		HideSolutionNode = FALSE
	EndGlobalSection
	GlobalSection(ExtensibilityGlobals) = postSolution
		SolutionGuid = {EA768A6D-8003-4B44-9CA8-18C82BC46B17}
	EndGlobalSection
EndGlobal
